
Microsoft Visual Studio Solution File, Format Version 11.00
# Visual Studio 2010
Project("{FAE04EC0-301F-11D3-BF4B-00C04F79EFBC}") = "RitterCardMatch", "Assembly-CSharp.csproj", "{59A19E73-F46B-A34F-3C42-31D0AE8D22B5}"
EndProject
Project("{FAE04EC0-301F-11D3-BF4B-00C04F79EFBC}") = "RitterCardMatch", "Assembly-CSharp-firstpass.csproj", "{BD7EAF3E-14A4-B4BE-030C-0B9509D0D1AA}"
EndProject
Global
	GlobalSection(SolutionConfigurationPlatforms) = preSolution
		Debug|Any CPU = Debug|Any CPU
		Release|Any CPU = Release|Any CPU
	EndGlobalSection
	GlobalSection(ProjectConfigurationPlatforms) = postSolution
		{59A19E73-F46B-A34F-3C42-31D0AE8D22B5}.Debug|Any CPU.ActiveCfg = Debug|Any CPU
		{59A19E73-F46B-A34F-3C42-31D0AE8D22B5}.Debug|Any CPU.Build.0 = Debug|Any CPU
		{59A19E73-F46B-A34F-3C42-31D0AE8D22B5}.Release|Any CPU.ActiveCfg = Release|Any CPU
		{59A19E73-F46B-A34F-3C42-31D0AE8D22B5}.Release|Any CPU.Build.0 = Release|Any CPU
		{BD7EAF3E-14A4-B4BE-030C-0B9509D0D1AA}.Debug|Any CPU.ActiveCfg = Debug|Any CPU
		{BD7EAF3E-14A4-B4BE-030C-0B9509D0D1AA}.Debug|Any CPU.Build.0 = Debug|Any CPU
		{BD7EAF3E-14A4-B4BE-030C-0B9509D0D1AA}.Release|Any CPU.ActiveCfg = Release|Any CPU
		{BD7EAF3E-14A4-B4BE-030C-0B9509D0D1AA}.Release|Any CPU.Build.0 = Release|Any CPU
	EndGlobalSection
	GlobalSection(SolutionProperties) = preSolution
		HideSolutionNode = FALSE
	EndGlobalSection
	GlobalSection(MonoDevelopProperties) = preSolution
		StartupItem = Assembly-CSharp.csproj
	EndGlobalSection
EndGlobal
